
Microsoft Visual Studio Solution File, Format Version 11.00
# Visual Studio 2010
Project("{FAE04EC0-301F-11D3-BF4B-00C04F79EFBC}") = "Mount Unity Proj", "Assembly-CSharp-firstpass.csproj", "{9DBC951C-4106-E7E1-5C13-0E3E80235651}"
EndProject
Project("{FAE04EC0-301F-11D3-BF4B-00C04F79EFBC}") = "Mount Unity Proj", "Assembly-CSharp.csproj", "{EA842D3C-2DCA-71F3-F81A-218146A825DB}"
EndProject
Project("{FAE04EC0-301F-11D3-BF4B-00C04F79EFBC}") = "Mount Unity Proj", "Assembly-CSharp-Editor-firstpass.csproj", "{57C4239F-EA32-E418-8BBB-1817E7527D75}"
EndProject
Project("{FAE04EC0-301F-11D3-BF4B-00C04F79EFBC}") = "Mount Unity Proj", "Assembly-CSharp-Editor.csproj", "{065FC1E2-DD29-C4AC-E22E-A666FF0080EA}"
EndProject
Global
	GlobalSection(SolutionConfigurationPlatforms) = preSolution
		Debug|Any CPU = Debug|Any CPU
		Release|Any CPU = Release|Any CPU
	EndGlobalSection
	GlobalSection(ProjectConfigurationPlatforms) = postSolution
		{9DBC951C-4106-E7E1-5C13-0E3E80235651}.Debug|Any CPU.ActiveCfg = Debug|Any CPU
		{9DBC951C-4106-E7E1-5C13-0E3E80235651}.Debug|Any CPU.Build.0 = Debug|Any CPU
		{9DBC951C-4106-E7E1-5C13-0E3E80235651}.Release|Any CPU.ActiveCfg = Release|Any CPU
		{9DBC951C-4106-E7E1-5C13-0E3E80235651}.Release|Any CPU.Build.0 = Release|Any CPU
		{EA842D3C-2DCA-71F3-F81A-218146A825DB}.Debug|Any CPU.ActiveCfg = Debug|Any CPU
		{EA842D3C-2DCA-71F3-F81A-218146A825DB}.Debug|Any CPU.Build.0 = Debug|Any CPU
		{EA842D3C-2DCA-71F3-F81A-218146A825DB}.Release|Any CPU.ActiveCfg = Release|Any CPU
		{EA842D3C-2DCA-71F3-F81A-218146A825DB}.Release|Any CPU.Build.0 = Release|Any CPU
		{57C4239F-EA32-E418-8BBB-1817E7527D75}.Debug|Any CPU.ActiveCfg = Debug|Any CPU
		{57C4239F-EA32-E418-8BBB-1817E7527D75}.Debug|Any CPU.Build.0 = Debug|Any CPU
		{57C4239F-EA32-E418-8BBB-1817E7527D75}.Release|Any CPU.ActiveCfg = Release|Any CPU
		{57C4239F-EA32-E418-8BBB-1817E7527D75}.Release|Any CPU.Build.0 = Release|Any CPU
		{065FC1E2-DD29-C4AC-E22E-A666FF0080EA}.Debug|Any CPU.ActiveCfg = Debug|Any CPU
		{065FC1E2-DD29-C4AC-E22E-A666FF0080EA}.Debug|Any CPU.Build.0 = Debug|Any CPU
		{065FC1E2-DD29-C4AC-E22E-A666FF0080EA}.Release|Any CPU.ActiveCfg = Release|Any CPU
		{065FC1E2-DD29-C4AC-E22E-A666FF0080EA}.Release|Any CPU.Build.0 = Release|Any CPU
	EndGlobalSection
	GlobalSection(SolutionProperties) = preSolution
		HideSolutionNode = FALSE
	EndGlobalSection
	GlobalSection(MonoDevelopProperties) = preSolution
		StartupItem = Assembly-CSharp.csproj
	EndGlobalSection
EndGlobal
